// !$*UTF8*$!
{
	archiveVersion = 1;
	classes = {
	};
	objectVersion = 55;
	objects = {

/* Begin PBXBuildFile section */
		0865C5F7299997A000CCF8D5 /* LocationDetailsViewController.swift in Sources */ = {isa = PBXBuildFile; fileRef = 0865C5F6299997A000CCF8D5 /* LocationDetailsViewController.swift */; };
		0865C5F9299997D100CCF8D5 /* CategoryPickerViewController.swift in Sources */ = {isa = PBXBuildFile; fileRef = 0865C5F8299997D100CCF8D5 /* CategoryPickerViewController.swift */; };
		087648B129984F2600AB2AEB /* AppDelegate.swift in Sources */ = {isa = PBXBuildFile; fileRef = 087648B029984F2600AB2AEB /* AppDelegate.swift */; };
		087648B329984F2600AB2AEB /* SceneDelegate.swift in Sources */ = {isa = PBXBuildFile; fileRef = 087648B229984F2600AB2AEB /* SceneDelegate.swift */; };
		087648B529984F2600AB2AEB /* CurrentLocationViewController.swift in Sources */ = {isa = PBXBuildFile; fileRef = 087648B429984F2600AB2AEB /* CurrentLocationViewController.swift */; };
		087648B829984F2600AB2AEB /* Main.storyboard in Resources */ = {isa = PBXBuildFile; fileRef = 087648B629984F2600AB2AEB /* Main.storyboard */; };
		087648BB29984F2600AB2AEB /* MyLocations1.xcdatamodeld in Sources */ = {isa = PBXBuildFile; fileRef = 087648B929984F2600AB2AEB /* MyLocations1.xcdatamodeld */; };
		087648BD29984F2600AB2AEB /* Assets.xcassets in Resources */ = {isa = PBXBuildFile; fileRef = 087648BC29984F2600AB2AEB /* Assets.xcassets */; };
		087648C029984F2600AB2AEB /* LaunchScreen.storyboard in Resources */ = {isa = PBXBuildFile; fileRef = 087648BE29984F2600AB2AEB /* LaunchScreen.storyboard */; };
/* End PBXBuildFile section */

/* Begin PBXFileReference section */
		0865C5F6299997A000CCF8D5 /* LocationDetailsViewController.swift */ = {isa = PBXFileReference; lastKnownFileType = sourcecode.swift; path = LocationDetailsViewController.swift; sourceTree = "<group>"; };
		0865C5F8299997D100CCF8D5 /* CategoryPickerViewController.swift */ = {isa = PBXFileReference; lastKnownFileType = sourcecode.swift; path = CategoryPickerViewController.swift; sourceTree = "<group>"; };
		087648AD29984F2600AB2AEB /* MyLocations1.app */ = {isa = PBXFileReference; explicitFileType = wrapper.application; includeInIndex = 0; path = MyLocations1.app; sourceTree = BUILT_PRODUCTS_DIR; };
		087648B029984F2600AB2AEB /* AppDelegate.swift */ = {isa = PBXFileReference; lastKnownFileType = sourcecode.swift; path = AppDelegate.swift; sourceTree = "<group>"; };
		087648B229984F2600AB2AEB /* SceneDelegate.swift */ = {isa = PBXFileReference; lastKnownFileType = sourcecode.swift; path = SceneDelegate.swift; sourceTree = "<group>"; };
		087648B429984F2600AB2AEB /* CurrentLocationViewController.swift */ = {isa = PBXFileReference; lastKnownFileType = sourcecode.swift; path = CurrentLocationViewController.swift; sourceTree = "<group>"; };
		087648B729984F2600AB2AEB /* Base */ = {isa = PBXFileReference; lastKnownFileType = file.storyboard; name = Base; path = Base.lproj/Main.storyboard; sourceTree = "<group>"; };
		087648BA29984F2600AB2AEB /* MyLocations1.xcdatamodel */ = {isa = PBXFileReference; lastKnownFileType = wrapper.xcdatamodel; path = MyLocations1.xcdatamodel; sourceTree = "<group>"; };
		087648BC29984F2600AB2AEB /* Assets.xcassets */ = {isa = PBXFileReference; lastKnownFileType = folder.assetcatalog; path = Assets.xcassets; sourceTree = "<group>"; };
		087648BF29984F2600AB2AEB /* Base */ = {isa = PBXFileReference; lastKnownFileType = file.storyboard; name = Base; path = Base.lproj/LaunchScreen.storyboard; sourceTree = "<group>"; };
		087648C129984F2600AB2AEB /* Info.plist */ = {isa = PBXFileReference; lastKnownFileType = text.plist.xml; path = Info.plist; sourceTree = "<group>"; };
/* End PBXFileReference section */

/* Begin PBXFrameworksBuildPhase section */
		087648AA29984F2600AB2AEB /* Frameworks */ = {
			isa = PBXFrameworksBuildPhase;
			buildActionMask = 2147483647;
			files = (
			);
			runOnlyForDeploymentPostprocessing = 0;
		};
/* End PBXFrameworksBuildPhase section */

/* Begin PBXGroup section */
		087648A429984F2600AB2AEB = {
			isa = PBXGroup;
			children = (
				087648AF29984F2600AB2AEB /* MyLocations1 */,
				087648AE29984F2600AB2AEB /* Products */,
			);
			sourceTree = "<group>";
		};
		087648AE29984F2600AB2AEB /* Products */ = {
			isa = PBXGroup;
			children = (
				087648AD29984F2600AB2AEB /* MyLocations1.app */,
			);
			name = Products;
			sourceTree = "<group>";
		};
		087648AF29984F2600AB2AEB /* MyLocations1 */ = {
			isa = PBXGroup;
			children = (
				087648B029984F2600AB2AEB /* AppDelegate.swift */,
				087648B229984F2600AB2AEB /* SceneDelegate.swift */,
				087648B429984F2600AB2AEB /* CurrentLocationViewController.swift */,
				087648B629984F2600AB2AEB /* Main.storyboard */,
				087648BC29984F2600AB2AEB /* Assets.xcassets */,
				087648BE29984F2600AB2AEB /* LaunchScreen.storyboard */,
				087648C129984F2600AB2AEB /* Info.plist */,
				087648B929984F2600AB2AEB /* MyLocations1.xcdatamodeld */,
				0865C5F6299997A000CCF8D5 /* LocationDetailsViewController.swift */,
				0865C5F8299997D100CCF8D5 /* CategoryPickerViewController.swift */,
			);
			path = MyLocations1;
			sourceTree = "<group>";
		};
/* End PBXGroup section */

/* Begin PBXNativeTarget section */
		087648AC29984F2600AB2AEB /* MyLocations1 */ = {
			isa = PBXNativeTarget;
			buildConfigurationList = 087648C429984F2600AB2AEB /* Build configuration list for PBXNativeTarget "MyLocations1" */;
			buildPhases = (
				087648A929984F2600AB2AEB /* Sources */,
				087648AA29984F2600AB2AEB /* Frameworks */,
				087648AB29984F2600AB2AEB /* Resources */,
			);
			buildRules = (
			);
			dependencies = (
			);
			name = MyLocations1;
			productName = MyLocations1;
			productReference = 087648AD29984F2600AB2AEB /* MyLocations1.app */;
			productType = "com.apple.product-type.application";
		};
/* End PBXNativeTarget section */

/* Begin PBXProject section */
		087648A529984F2600AB2AEB /* Project object */ = {
			isa = PBXProject;
			attributes = {
				BuildIndependentTargetsInParallel = 1;
				LastSwiftUpdateCheck = 1340;
				LastUpgradeCheck = 1340;
				TargetAttributes = {
					087648AC29984F2600AB2AEB = {
						CreatedOnToolsVersion = 13.4.1;
					};
				};
			};
			buildConfigurationList = 087648A829984F2600AB2AEB /* Build configuration list for PBXProject "MyLocations1" */;
			compatibilityVersion = "Xcode 13.0";
			developmentRegion = en;
			hasScannedForEncodings = 0;
			knownRegions = (
				en,
				Base,
			);
			mainGroup = 087648A429984F2600AB2AEB;
			productRefGroup = 087648AE29984F2600AB2AEB /* Products */;
			projectDirPath = "";
			projectRoot = "";
			targets = (
				087648AC29984F2600AB2AEB /* MyLocations1 */,
			);
		};
/* End PBXProject section */

/* Begin PBXResourcesBuildPhase section */
		087648AB29984F2600AB2AEB /* Resources */ = {
			isa = PBXResourcesBuildPhase;
			buildActionMask = 2147483647;
			files = (
				087648C029984F2600AB2AEB /* LaunchScreen.storyboard in Resources */,
				087648BD29984F2600AB2AEB /* Assets.xcassets in Resources */,
				087648B829984F2600AB2AEB /* Main.storyboard in Resources */,
			);
			runOnlyForDeploymentPostprocessing = 0;
		};
/* End PBXResourcesBuildPhase section */

/* Begin PBXSourcesBuildPhase section */
		087648A929984F2600AB2AEB /* Sources */ = {
			isa = PBXSourcesBuildPhase;
			buildActionMask = 2147483647;
			files = (
				0865C5F9299997D100CCF8D5 /* CategoryPickerViewController.swift in Sources */,
				087648BB29984F2600AB2AEB /* MyLocations1.xcdatamodeld in Sources */,
				087648B529984F2600AB2AEB /* CurrentLocationViewController.swift in Sources */,
				087648B129984F2600AB2AEB /* AppDelegate.swift in Sources */,
				087648B329984F2600AB2AEB /* SceneDelegate.swift in Sources */,
				0865C5F7299997A000CCF8D5 /* LocationDetailsViewController.swift in Sources */,
			);
			runOnlyForDeploymentPostprocessing = 0;
		};
/* End PBXSourcesBuildPhase section */

/* Begin PBXVariantGroup section */
		087648B629984F2600AB2AEB /* Main.storyboard */ = {
			isa = PBXVariantGroup;
			children = (
				087648B729984F2600AB2AEB /* Base */,
			);
			name = Main.storyboard;
			sourceTree = "<group>";
		};
		087648BE29984F2600AB2AEB /* LaunchScreen.storyboard */ = {
			isa = PBXVariantGroup;
			children = (
				087648BF29984F2600AB2AEB /* Base */,
			);
			name = LaunchScreen.storyboard;
			sourceTree = "<group>";
		};
/* End PBXVariantGroup section */

/* Begin XCBuildConfiguration section */
		087648C229984F2600AB2AEB /* Debug */ = {
			isa = XCBuildConfiguration;
			buildSettings = {
				ALWAYS_SEARCH_USER_PATHS = NO;
				CLANG_ANALYZER_NONNULL = YES;
				CLANG_ANALYZER_NUMBER_OBJECT_CONVERSION = YES_AGGRESSIVE;
				CLANG_CXX_LANGUAGE_STANDARD = "gnu++17";
				CLANG_ENABLE_MODULES = YES;
				CLANG_ENABLE_OBJC_ARC = YES;
				CLANG_ENABLE_OBJC_WEAK = YES;
				CLANG_WARN_BLOCK_CAPTURE_AUTORELEASING = YES;
				CLANG_WARN_BOOL_CONVERSION = YES;
				CLANG_WARN_COMMA = YES;
				CLANG_WARN_CONSTANT_CONVERSION = YES;
				CLANG_WARN_DEPRECATED_OBJC_IMPLEMENTATIONS = YES;
				CLANG_WARN_DIRECT_OBJC_ISA_USAGE = YES_ERROR;
				CLANG_WARN_DOCUMENTATION_COMMENTS = YES;
				CLANG_WARN_EMPTY_BODY = YES;
				CLANG_WARN_ENUM_CONVERSION = YES;
				CLANG_WARN_INFINITE_RECURSION = YES;
				CLANG_WARN_INT_CONVERSION = YES;
				CLANG_WARN_NON_LITERAL_NULL_CONVERSION = YES;
				CLANG_WARN_OBJC_IMPLICIT_RETAIN_SELF = YES;
				CLANG_WARN_OBJC_LITERAL_CONVERSION = YES;
				CLANG_WARN_OBJC_ROOT_CLASS = YES_ERROR;
				CLANG_WARN_QUOTED_INCLUDE_IN_FRAMEWORK_HEADER = YES;
				CLANG_WARN_RANGE_LOOP_ANALYSIS = YES;
				CLANG_WARN_STRICT_PROTOTYPES = YES;
				CLANG_WARN_SUSPICIOUS_MOVE = YES;
				CLANG_WARN_UNGUARDED_AVAILABILITY = YES_AGGRESSIVE;
				CLANG_WARN_UNREACHABLE_CODE = YES;
				CLANG_WARN__DUPLICATE_METHOD_MATCH = YES;
				COPY_PHASE_STRIP = NO;
				DEBUG_INFORMATION_FORMAT = dwarf;
				ENABLE_STRICT_OBJC_MSGSEND = YES;
				ENABLE_TESTABILITY = YES;
				GCC_C_LANGUAGE_STANDARD = gnu11;
				GCC_DYNAMIC_NO_PIC = NO;
				GCC_NO_COMMON_BLOCKS = YES;
				GCC_OPTIMIZATION_LEVEL = 0;
				GCC_PREPROCESSOR_DEFINITIONS = (
					"DEBUG=1",
					"$(inherited)",
				);
				GCC_WARN_64_TO_32_BIT_CONVERSION = YES;
				GCC_WARN_ABOUT_RETURN_TYPE = YES_ERROR;
				GCC_WARN_UNDECLARED_SELECTOR = YES;
				GCC_WARN_UNINITIALIZED_AUTOS = YES_AGGRESSIVE;
				GCC_WARN_UNUSED_FUNCTION = YES;
				GCC_WARN_UNUSED_VARIABLE = YES;
				IPHONEOS_DEPLOYMENT_TARGET = 15.5;
				MTL_ENABLE_DEBUG_INFO = INCLUDE_SOURCE;
				MTL_FAST_MATH = YES;
				ONLY_ACTIVE_ARCH = YES;
				SDKROOT = iphoneos;
				SWIFT_ACTIVE_COMPILATION_CONDITIONS = DEBUG;
				SWIFT_OPTIMIZATION_LEVEL = "-Onone";
			};
			name = Debug;
		};
		087648C329984F2600AB2AEB /* Release */ = {
			isa = XCBuildConfiguration;
			buildSettings = {
				ALWAYS_SEARCH_USER_PATHS = NO;
				CLANG_ANALYZER_NONNULL = YES;
				CLANG_ANALYZER_NUMBER_OBJECT_CONVERSION = YES_AGGRESSIVE;
				CLANG_CXX_LANGUAGE_STANDARD = "gnu++17";
				CLANG_ENABLE_MODULES = YES;
				CLANG_ENABLE_OBJC_ARC = YES;
				CLANG_ENABLE_OBJC_WEAK = YES;
				CLANG_WARN_BLOCK_CAPTURE_AUTORELEASING = YES;
				CLANG_WARN_BOOL_CONVERSION = YES;
				CLANG_WARN_COMMA = YES;
				CLANG_WARN_CONSTANT_CONVERSION = YES;
				CLANG_WARN_DEPRECATED_OBJC_IMPLEMENTATIONS = YES;
				CLANG_WARN_DIRECT_OBJC_ISA_USAGE = YES_ERROR;
				CLANG_WARN_DOCUMENTATION_COMMENTS = YES;
				CLANG_WARN_EMPTY_BODY = YES;
				CLANG_WARN_ENUM_CONVERSION = YES;
				CLANG_WARN_INFINITE_RECURSION = YES;
				CLANG_WARN_INT_CONVERSION = YES;
				CLANG_WARN_NON_LITERAL_NULL_CONVERSION = YES;
				CLANG_WARN_OBJC_IMPLICIT_RETAIN_SELF = YES;
				CLANG_WARN_OBJC_LITERAL_CONVERSION = YES;
				CLANG_WARN_OBJC_ROOT_CLASS = YES_ERROR;
				CLANG_WARN_QUOTED_INCLUDE_IN_FRAMEWORK_HEADER = YES;
				CLANG_WARN_RANGE_LOOP_ANALYSIS = YES;
				CLANG_WARN_STRICT_PROTOTYPES = YES;
				CLANG_WARN_SUSPICIOUS_MOVE = YES;
				CLANG_WARN_UNGUARDED_AVAILABILITY = YES_AGGRESSIVE;
				CLANG_WARN_UNREACHABLE_CODE = YES;
				CLANG_WARN__DUPLICATE_METHOD_MATCH = YES;
				COPY_PHASE_STRIP = NO;
				DEBUG_INFORMATION_FORMAT = "dwarf-with-dsym";
				ENABLE_NS_ASSERTIONS = NO;
				ENABLE_STRICT_OBJC_MSGSEND = YES;
				GCC_C_LANGUAGE_STANDARD = gnu11;
				GCC_NO_COMMON_BLOCKS = YES;
				GCC_WARN_64_TO_32_BIT_CONVERSION = YES;
				GCC_WARN_ABOUT_RETURN_TYPE = YES_ERROR;
				GCC_WARN_UNDECLARED_SELECTOR = YES;
				GCC_WARN_UNINITIALIZED_AUTOS = YES_AGGRESSIVE;
				GCC_WARN_UNUSED_FUNCTION = YES;
				GCC_WARN_UNUSED_VARIABLE = YES;
				IPHONEOS_DEPLOYMENT_TARGET = 15.5;
				MTL_ENABLE_DEBUG_INFO = NO;
				MTL_FAST_MATH = YES;
				SDKROOT = iphoneos;
				SWIFT_COMPILATION_MODE = wholemodule;
				SWIFT_OPTIMIZATION_LEVEL = "-O";
				VALIDATE_PRODUCT = YES;
			};
			name = Release;
		};
		087648C529984F2600AB2AEB /* Debug */ = {
			isa = XCBuildConfiguration;
			buildSettings = {
				ASSETCATALOG_COMPILER_APPICON_NAME = AppIcon;
				ASSETCATALOG_COMPILER_GLOBAL_ACCENT_COLOR_NAME = AccentColor;
				CODE_SIGN_STYLE = Automatic;
				CURRENT_PROJECT_VERSION = 1;
				GENERATE_INFOPLIST_FILE = YES;
				INFOPLIST_FILE = MyLocations1/Info.plist;
				INFOPLIST_KEY_NSLocationWhenInUseUsageDescription = "This app lets you keep track of interesting places. It needs access to the GPS\ncoordinates for your location.";
				INFOPLIST_KEY_UIApplicationSupportsIndirectInputEvents = YES;
				INFOPLIST_KEY_UILaunchStoryboardName = LaunchScreen;
				INFOPLIST_KEY_UIMainStoryboardFile = Main;
				INFOPLIST_KEY_UISupportedInterfaceOrientations_iPad = "UIInterfaceOrientationPortrait UIInterfaceOrientationPortraitUpsideDown UIInterfaceOrientationLandscapeLeft UIInterfaceOrientationLandscapeRight";
				INFOPLIST_KEY_UISupportedInterfaceOrientations_iPhone = "UIInterfaceOrientationPortrait UIInterfaceOrientationLandscapeLeft UIInterfaceOrientationLandscapeRight";
				LD_RUNPATH_SEARCH_PATHS = (
					"$(inherited)",
					"@executable_path/Frameworks",
				);
				MARKETING_VERSION = 1.0;
				PRODUCT_BUNDLE_IDENTIFIER = com.razeware.MyLocations1;
				PRODUCT_NAME = "$(TARGET_NAME)";
				SWIFT_EMIT_LOC_STRINGS = YES;
				SWIFT_VERSION = 5.0;
				TARGETED_DEVICE_FAMILY = "1,2";
			};
			name = Debug;
		};
		087648C629984F2600AB2AEB /* Release */ = {
			isa = XCBuildConfiguration;
			buildSettings = {
				ASSETCATALOG_COMPILER_APPICON_NAME = AppIcon;
				ASSETCATALOG_COMPILER_GLOBAL_ACCENT_COLOR_NAME = AccentColor;
				CODE_SIGN_STYLE = Automatic;
				CURRENT_PROJECT_VERSION = 1;
				GENERATE_INFOPLIST_FILE = YES;
				INFOPLIST_FILE = MyLocations1/Info.plist;
				INFOPLIST_KEY_NSLocationWhenInUseUsageDescription = "This app lets you keep track of interesting places. It needs access to the GPS\ncoordinates for your location.";
				INFOPLIST_KEY_UIApplicationSupportsIndirectInputEvents = YES;
				INFOPLIST_KEY_UILaunchStoryboardName = LaunchScreen;
				INFOPLIST_KEY_UIMainStoryboardFile = Main;
				INFOPLIST_KEY_UISupportedInterfaceOrientations_iPad = "UIInterfaceOrientationPortrait UIInterfaceOrientationPortraitUpsideDown UIInterfaceOrientationLandscapeLeft UIInterfaceOrientationLandscapeRight";
				INFOPLIST_KEY_UISupportedInterfaceOrientations_iPhone = "UIInterfaceOrientationPortrait UIInterfaceOrientationLandscapeLeft UIInterfaceOrientationLandscapeRight";
				LD_RUNPATH_SEARCH_PATHS = (
					"$(inherited)",
					"@executable_path/Frameworks",
				);
				MARKETING_VERSION = 1.0;
				PRODUCT_BUNDLE_IDENTIFIER = com.razeware.MyLocations1;
				PRODUCT_NAME = "$(TARGET_NAME)";
				SWIFT_EMIT_LOC_STRINGS = YES;
				SWIFT_VERSION = 5.0;
				TARGETED_DEVICE_FAMILY = "1,2";
			};
			name = Release;
		};
/* End XCBuildConfiguration section */

/* Begin XCConfigurationList section */
		087648A829984F2600AB2AEB /* Build configuration list for PBXProject "MyLocations1" */ = {
			isa = XCConfigurationList;
			buildConfigurations = (
				087648C229984F2600AB2AEB /* Debug */,
				087648C329984F2600AB2AEB /* Release */,
			);
			defaultConfigurationIsVisible = 0;
			defaultConfigurationName = Release;
		};
		087648C429984F2600AB2AEB /* Build configuration list for PBXNativeTarget "MyLocations1" */ = {
			isa = XCConfigurationList;
			buildConfigurations = (
				087648C529984F2600AB2AEB /* Debug */,
				087648C629984F2600AB2AEB /* Release */,
			);
			defaultConfigurationIsVisible = 0;
			defaultConfigurationName = Release;
		};
/* End XCConfigurationList section */

/* Begin XCVersionGroup section */
		087648B929984F2600AB2AEB /* MyLocations1.xcdatamodeld */ = {
			isa = XCVersionGroup;
			children = (
				087648BA29984F2600AB2AEB /* MyLocations1.xcdatamodel */,
			);
			currentVersion = 087648BA29984F2600AB2AEB /* MyLocations1.xcdatamodel */;
			path = MyLocations1.xcdatamodeld;
			sourceTree = "<group>";
			versionGroupType = wrapper.xcdatamodel;
		};
/* End XCVersionGroup section */
	};
	rootObject = 087648A529984F2600AB2AEB /* Project object */;
}
